{
  "name": "@headsnet/stimulus-controllers",
  "version": "0.1.0",
  "lockfileVersion": 2,
  "requires": true,
  "packages": {
    "": {
      "name": "@headsnet/stimulus-controllers",
      "version": "0.1.0",
      "license": "MIT",
      "dependencies": {
        "@hotwired/stimulus": "^3.0.0",
        "stimulus-use": "^0.50.0"
      }
    },
    "node_modules/@hotwired/stimulus": {
      "version": "3.1.0",
      "resolved": "https://registry.npmjs.org/@hotwired/stimulus/-/stimulus-3.1.0.tgz",
      "integrity": "sha512-iDMHUhiEJ1xFeicyHcZQQgBzhtk5mPR0QZO3L6wtqzMsJEk2TKECuCQTGKjm+KJTHVY0dKq1dOOAWvODjpd2Mg=="
    },
    "node_modules/hotkeys-js": {
      "version": "3.10.0",
      "resolved": "https://registry.npmjs.org/hotkeys-js/-/hotkeys-js-3.10.0.tgz",
      "integrity": "sha512-20xeVdOqcgTkMox0+BqFwADZP7+5dy/9CFPpAinSMh2d0s3b0Hs2V2D+lMh4Hphkf7VE9pwnOl58eP1te+REcg=="
    },
    "node_modules/stimulus-use": {
      "version": "0.50.0",
      "resolved": "https://registry.npmjs.org/stimulus-use/-/stimulus-use-0.50.0.tgz",
      "integrity": "sha512-9NScZQiOycQdzh8VZ15pxk6ep/a22fgha2halOvZFpJITC4nsTbWlO7D1hm+9LspFxa5b28tQhm3XkbH/qAlGw==",
      "dependencies": {
        "hotkeys-js": ">=3"
      },
      "peerDependencies": {
        "@hotwired/stimulus": ">= 3"
      }
    }
  },
  "dependencies": {
    "@hotwired/stimulus": {
      "version": "3.1.0",
      "resolved": "https://registry.npmjs.org/@hotwired/stimulus/-/stimulus-3.1.0.tgz",
      "integrity": "sha512-iDMHUhiEJ1xFeicyHcZQQgBzhtk5mPR0QZO3L6wtqzMsJEk2TKECuCQTGKjm+KJTHVY0dKq1dOOAWvODjpd2Mg=="
    },
    "hotkeys-js": {
      "version": "3.10.0",
      "resolved": "https://registry.npmjs.org/hotkeys-js/-/hotkeys-js-3.10.0.tgz",
      "integrity": "sha512-20xeVdOqcgTkMox0+BqFwADZP7+5dy/9CFPpAinSMh2d0s3b0Hs2V2D+lMh4Hphkf7VE9pwnOl58eP1te+REcg=="
    },
    "stimulus-use": {
      "version": "0.50.0",
      "resolved": "https://registry.npmjs.org/stimulus-use/-/stimulus-use-0.50.0.tgz",
      "integrity": "sha512-9NScZQiOycQdzh8VZ15pxk6ep/a22fgha2halOvZFpJITC4nsTbWlO7D1hm+9LspFxa5b28tQhm3XkbH/qAlGw==",
      "requires": {
        "hotkeys-js": ">=3"
      }
    }
  }
}
